<Solution>
  <Folder Name="/src/">
    <Project Path="src/Application/Application.csproj" Id="d3689378-b10f-46fd-b4d3-0253fcb5cab4" />
    <Project Path="src/Domain/Domain.csproj" Id="f6d9b82c-8b61-4c93-9138-7dbd06833f44" />
    <Project Path="src/Infrastructure/Infrastructure.csproj" Id="10749fa0-9105-4736-a7f4-0e67e004c3dd" />
    <Project Path="src/WeatherReport.AppHost/WeatherReport.AppHost.csproj" />
    <Project Path="src/WeatherReport.ServiceDefaults/WeatherReport.ServiceDefaults.csproj" />
    <Project Path="src/WebAPI/WebAPI.csproj" />
  </Folder>
</Solution>
